
Microsoft Visual Studio Solution File, Format Version 12.00
# Visual Studio 2012
Project("{FAE04EC0-301F-11D3-BF4B-00C04F79EFBC}") = "oscript-soap", "oscript-soap\oscript-soap.csproj", "{C8020244-D4EA-4277-8F08-176B5C50978C}"
EndProject
Project("{FAE04EC0-301F-11D3-BF4B-00C04F79EFBC}") = "test-soap", "test-soap\test-soap.csproj", "{DAFC65F3-CAB6-4262-8D5A-F879E47703BE}"
EndProject
Project("{FAE04EC0-301F-11D3-BF4B-00C04F79EFBC}") = "TinyXdto", "TinyXdto\TinyXdto.csproj", "{DC02DBCC-5ECB-4AFD-AB97-EF1167F759E8}"
EndProject
Global
	GlobalSection(SolutionConfigurationPlatforms) = preSolution
		Debug|Any CPU = Debug|Any CPU
		Release|Any CPU = Release|Any CPU
	EndGlobalSection
	GlobalSection(ProjectConfigurationPlatforms) = postSolution
		{C8020244-D4EA-4277-8F08-176B5C50978C}.Debug|Any CPU.ActiveCfg = Debug|Any CPU
		{C8020244-D4EA-4277-8F08-176B5C50978C}.Debug|Any CPU.Build.0 = Debug|Any CPU
		{C8020244-D4EA-4277-8F08-176B5C50978C}.Release|Any CPU.ActiveCfg = Release|Any CPU
		{C8020244-D4EA-4277-8F08-176B5C50978C}.Release|Any CPU.Build.0 = Release|Any CPU
		{DAFC65F3-CAB6-4262-8D5A-F879E47703BE}.Debug|Any CPU.ActiveCfg = Debug|Any CPU
		{DAFC65F3-CAB6-4262-8D5A-F879E47703BE}.Debug|Any CPU.Build.0 = Debug|Any CPU
		{DAFC65F3-CAB6-4262-8D5A-F879E47703BE}.Release|Any CPU.ActiveCfg = Release|Any CPU
		{DAFC65F3-CAB6-4262-8D5A-F879E47703BE}.Release|Any CPU.Build.0 = Release|Any CPU
		{DC02DBCC-5ECB-4AFD-AB97-EF1167F759E8}.Debug|Any CPU.ActiveCfg = Debug|Any CPU
		{DC02DBCC-5ECB-4AFD-AB97-EF1167F759E8}.Debug|Any CPU.Build.0 = Debug|Any CPU
		{DC02DBCC-5ECB-4AFD-AB97-EF1167F759E8}.Release|Any CPU.ActiveCfg = Release|Any CPU
		{DC02DBCC-5ECB-4AFD-AB97-EF1167F759E8}.Release|Any CPU.Build.0 = Release|Any CPU
	EndGlobalSection
	GlobalSection(MonoDevelopProperties) = preSolution
		Policies = $0
		$0.TextStylePolicy = $1
		$1.TabsToSpaces = False
		$1.inheritsSet = VisualStudio
		$1.inheritsScope = text/plain
		$1.scope = text/x-csharp
		$0.CSharpFormattingPolicy = $2
		$2.IndentSwitchBody = True
		$2.IndentBlocksInsideExpressions = True
		$2.AnonymousMethodBraceStyle = NextLine
		$2.PropertyBraceStyle = NextLine
		$2.PropertyGetBraceStyle = NextLine
		$2.PropertySetBraceStyle = NextLine
		$2.EventBraceStyle = NextLine
		$2.EventAddBraceStyle = NextLine
		$2.EventRemoveBraceStyle = NextLine
		$2.StatementBraceStyle = NextLine
		$2.ElseNewLinePlacement = NewLine
		$2.CatchNewLinePlacement = NewLine
		$2.FinallyNewLinePlacement = NewLine
		$2.WhileNewLinePlacement = DoNotCare
		$2.ArrayInitializerWrapping = DoNotChange
		$2.ArrayInitializerBraceStyle = NextLine
		$2.BeforeMethodDeclarationParentheses = False
		$2.BeforeMethodCallParentheses = False
		$2.BeforeConstructorDeclarationParentheses = False
		$2.NewLineBeforeConstructorInitializerColon = NewLine
		$2.NewLineAfterConstructorInitializerColon = SameLine
		$2.BeforeDelegateDeclarationParentheses = False
		$2.NewParentheses = False
		$2.SpacesBeforeBrackets = False
		$2.inheritsSet = Mono
		$2.inheritsScope = text/x-csharp
		$2.scope = text/x-csharp
	EndGlobalSection
EndGlobal
